{
  "name": "feedreader-testing",
  "version": "1.0.0",
  "lockfileVersion": 1,
  "requires": true,
  "dependencies": {
    "@types/react": {
      "version": "15.6.18",
      "resolved": "https://registry.npmjs.org/@types/react/-/react-15.6.18.tgz",
      "integrity": "sha512-LzCdFyiDXw85zDQOvSfR8GTKkTMhJyJ9abBRmQxCJ64o4storiyy54w4PicI0iGg18iyl/MkykOx2QEKCHDR5Q==",
      "dev": true
    },
    "@types/react-addons-test-utils": {
      "version": "0.14.21",
      "resolved": "https://registry.npmjs.org/@types/react-addons-test-utils/-/react-addons-test-utils-0.14.21.tgz",
      "integrity": "sha512-YxEt0cKoaQQ+pLdgcr+LpZSnKJUKl8Q8zN05Kk2dFOOJJqyy5IV6/vR6+4oCyWp8dt5eylh8BUXYvMNrunvclQ==",
      "dev": true,
      "requires": {
        "@types/react": "*"
      }
    },
    "@types/react-dom": {
      "version": "0.14.23",
      "resolved": "https://registry.npmjs.org/@types/react-dom/-/react-dom-0.14.23.tgz",
      "integrity": "sha1-zs/PrXVLTCdl/l0puBswGImtbC4=",
      "dev": true,
      "requires": {
        "@types/react": "*"
      }
    }
  }
}
